
Microsoft Visual Studio Solution File, Format Version 12.00
# Visual Studio Version 16
VisualStudioVersion = 16.0.31005.135
MinimumVisualStudioVersion = 10.0.40219.1
Project("{FAE04EC0-301F-11D3-BF4B-00C04F79EFBC}") = "MyLife", "MyLife\MyLife.csproj", "{4CD5AFA5-1209-4AFE-A80F-4DBFBFF91F8E}"
EndProject
Global
	GlobalSection(SolutionConfigurationPlatforms) = preSolution
		Debug|Any CPU = Debug|Any CPU
		Release|Any CPU = Release|Any CPU
	EndGlobalSection
	GlobalSection(ProjectConfigurationPlatforms) = postSolution
		{4CD5AFA5-1209-4AFE-A80F-4DBFBFF91F8E}.Debug|Any CPU.ActiveCfg = Debug|Any CPU
		{4CD5AFA5-1209-4AFE-A80F-4DBFBFF91F8E}.Debug|Any CPU.Build.0 = Debug|Any CPU
		{4CD5AFA5-1209-4AFE-A80F-4DBFBFF91F8E}.Release|Any CPU.ActiveCfg = Release|Any CPU
		{4CD5AFA5-1209-4AFE-A80F-4DBFBFF91F8E}.Release|Any CPU.Build.0 = Release|Any CPU
	EndGlobalSection
	GlobalSection(SolutionProperties) = preSolution
		HideSolutionNode = FALSE
	EndGlobalSection
	GlobalSection(ExtensibilityGlobals) = postSolution
		SolutionGuid = {64B5BC10-731D-4A7A-8965-FA291BFABE2C}
	EndGlobalSection
EndGlobal
